// !$*UTF8*$!
{
	archiveVersion = 1;
	classes = {
	};
	objectVersion = 56;
	objects = {

/* Begin PBXBuildFile section */
		AC0BD9632A4C80A8007E0568 /* FoodStoreAppApp.swift in Sources */ = {isa = PBXBuildFile; fileRef = AC0BD9622A4C80A8007E0568 /* FoodStoreAppApp.swift */; };
		AC0BD9652A4C80A8007E0568 /* ContentView.swift in Sources */ = {isa = PBXBuildFile; fileRef = AC0BD9642A4C80A8007E0568 /* ContentView.swift */; };
		AC0BD9672A4C80AA007E0568 /* Assets.xcassets in Resources */ = {isa = PBXBuildFile; fileRef = AC0BD9662A4C80AA007E0568 /* Assets.xcassets */; };
		AC0BD96A2A4C80AA007E0568 /* Preview Assets.xcassets in Resources */ = {isa = PBXBuildFile; fileRef = AC0BD9692A4C80AA007E0568 /* Preview Assets.xcassets */; };
		AC0BD9732A4C8131007E0568 /* MainScreenView.swift in Sources */ = {isa = PBXBuildFile; fileRef = AC0BD9722A4C8131007E0568 /* MainScreenView.swift */; };
		AC0BD9752A4C8782007E0568 /* ShoppingCartView.swift in Sources */ = {isa = PBXBuildFile; fileRef = AC0BD9742A4C8782007E0568 /* ShoppingCartView.swift */; };
		AC0BD9782A4C8808007E0568 /* DishesView.swift in Sources */ = {isa = PBXBuildFile; fileRef = AC0BD9772A4C8808007E0568 /* DishesView.swift */; };
		AC0BD97A2A4C889B007E0568 /* HomeView.swift in Sources */ = {isa = PBXBuildFile; fileRef = AC0BD9792A4C889B007E0568 /* HomeView.swift */; };
		AC0BD97C2A4C8937007E0568 /* SearchView.swift in Sources */ = {isa = PBXBuildFile; fileRef = AC0BD97B2A4C8937007E0568 /* SearchView.swift */; };
		AC0BD97E2A4C89C4007E0568 /* AccountView.swift in Sources */ = {isa = PBXBuildFile; fileRef = AC0BD97D2A4C89C4007E0568 /* AccountView.swift */; };
		AC0BD9802A4C8F11007E0568 /* NavigationBarView.swift in Sources */ = {isa = PBXBuildFile; fileRef = AC0BD97F2A4C8F11007E0568 /* NavigationBarView.swift */; };
		AC0BD9832A4CB6DD007E0568 /* DishModel.swift in Sources */ = {isa = PBXBuildFile; fileRef = AC0BD9822A4CB6DD007E0568 /* DishModel.swift */; };
		AC0BD9862A4CB985007E0568 /* DishModelDataService.swift in Sources */ = {isa = PBXBuildFile; fileRef = AC0BD9852A4CB985007E0568 /* DishModelDataService.swift */; };
		AC0BD9882A4CF01A007E0568 /* MenuSectionsView.swift in Sources */ = {isa = PBXBuildFile; fileRef = AC0BD9872A4CF01A007E0568 /* MenuSectionsView.swift */; };
/* End PBXBuildFile section */

/* Begin PBXFileReference section */
		AC0BD95F2A4C80A8007E0568 /* FoodStoreApp.app */ = {isa = PBXFileReference; explicitFileType = wrapper.application; includeInIndex = 0; path = FoodStoreApp.app; sourceTree = BUILT_PRODUCTS_DIR; };
		AC0BD9622A4C80A8007E0568 /* FoodStoreAppApp.swift */ = {isa = PBXFileReference; lastKnownFileType = sourcecode.swift; path = FoodStoreAppApp.swift; sourceTree = "<group>"; };
		AC0BD9642A4C80A8007E0568 /* ContentView.swift */ = {isa = PBXFileReference; lastKnownFileType = sourcecode.swift; path = ContentView.swift; sourceTree = "<group>"; };
		AC0BD9662A4C80AA007E0568 /* Assets.xcassets */ = {isa = PBXFileReference; lastKnownFileType = folder.assetcatalog; path = Assets.xcassets; sourceTree = "<group>"; };
		AC0BD9692A4C80AA007E0568 /* Preview Assets.xcassets */ = {isa = PBXFileReference; lastKnownFileType = folder.assetcatalog; path = "Preview Assets.xcassets"; sourceTree = "<group>"; };
		AC0BD9722A4C8131007E0568 /* MainScreenView.swift */ = {isa = PBXFileReference; lastKnownFileType = sourcecode.swift; path = MainScreenView.swift; sourceTree = "<group>"; };
		AC0BD9742A4C8782007E0568 /* ShoppingCartView.swift */ = {isa = PBXFileReference; lastKnownFileType = sourcecode.swift; path = ShoppingCartView.swift; sourceTree = "<group>"; };
		AC0BD9772A4C8808007E0568 /* DishesView.swift */ = {isa = PBXFileReference; lastKnownFileType = sourcecode.swift; path = DishesView.swift; sourceTree = "<group>"; };
		AC0BD9792A4C889B007E0568 /* HomeView.swift */ = {isa = PBXFileReference; lastKnownFileType = sourcecode.swift; path = HomeView.swift; sourceTree = "<group>"; };
		AC0BD97B2A4C8937007E0568 /* SearchView.swift */ = {isa = PBXFileReference; lastKnownFileType = sourcecode.swift; path = SearchView.swift; sourceTree = "<group>"; };
		AC0BD97D2A4C89C4007E0568 /* AccountView.swift */ = {isa = PBXFileReference; lastKnownFileType = sourcecode.swift; path = AccountView.swift; sourceTree = "<group>"; };
		AC0BD97F2A4C8F11007E0568 /* NavigationBarView.swift */ = {isa = PBXFileReference; lastKnownFileType = sourcecode.swift; path = NavigationBarView.swift; sourceTree = "<group>"; };
		AC0BD9822A4CB6DD007E0568 /* DishModel.swift */ = {isa = PBXFileReference; lastKnownFileType = sourcecode.swift; path = DishModel.swift; sourceTree = "<group>"; };
		AC0BD9852A4CB985007E0568 /* DishModelDataService.swift */ = {isa = PBXFileReference; lastKnownFileType = sourcecode.swift; path = DishModelDataService.swift; sourceTree = "<group>"; };
		AC0BD9872A4CF01A007E0568 /* MenuSectionsView.swift */ = {isa = PBXFileReference; lastKnownFileType = sourcecode.swift; path = MenuSectionsView.swift; sourceTree = "<group>"; };
/* End PBXFileReference section */

/* Begin PBXFrameworksBuildPhase section */
		AC0BD95C2A4C80A8007E0568 /* Frameworks */ = {
			isa = PBXFrameworksBuildPhase;
			buildActionMask = 2147483647;
			files = (
			);
			runOnlyForDeploymentPostprocessing = 0;
		};
/* End PBXFrameworksBuildPhase section */

/* Begin PBXGroup section */
		AC0BD9562A4C80A8007E0568 = {
			isa = PBXGroup;
			children = (
				AC0BD9612A4C80A8007E0568 /* FoodStoreApp */,
				AC0BD9602A4C80A8007E0568 /* Products */,
			);
			sourceTree = "<group>";
		};
		AC0BD9602A4C80A8007E0568 /* Products */ = {
			isa = PBXGroup;
			children = (
				AC0BD95F2A4C80A8007E0568 /* FoodStoreApp.app */,
			);
			name = Products;
			sourceTree = "<group>";
		};
		AC0BD9612A4C80A8007E0568 /* FoodStoreApp */ = {
			isa = PBXGroup;
			children = (
				AC0BD9622A4C80A8007E0568 /* FoodStoreAppApp.swift */,
				AC0BD9842A4CB956007E0568 /* Utility */,
				AC0BD9812A4CB6B1007E0568 /* Models */,
				AC0BD9762A4C87E3007E0568 /* Views */,
				AC0BD9642A4C80A8007E0568 /* ContentView.swift */,
				AC0BD9662A4C80AA007E0568 /* Assets.xcassets */,
				AC0BD9682A4C80AA007E0568 /* Preview Content */,
			);
			path = FoodStoreApp;
			sourceTree = "<group>";
		};
		AC0BD9682A4C80AA007E0568 /* Preview Content */ = {
			isa = PBXGroup;
			children = (
				AC0BD9692A4C80AA007E0568 /* Preview Assets.xcassets */,
			);
			path = "Preview Content";
			sourceTree = "<group>";
		};
		AC0BD9762A4C87E3007E0568 /* Views */ = {
			isa = PBXGroup;
			children = (
				AC0BD9722A4C8131007E0568 /* MainScreenView.swift */,
				AC0BD9742A4C8782007E0568 /* ShoppingCartView.swift */,
				AC0BD9792A4C889B007E0568 /* HomeView.swift */,
				AC0BD9872A4CF01A007E0568 /* MenuSectionsView.swift */,
				AC0BD97F2A4C8F11007E0568 /* NavigationBarView.swift */,
				AC0BD97D2A4C89C4007E0568 /* AccountView.swift */,
				AC0BD9772A4C8808007E0568 /* DishesView.swift */,
				AC0BD97B2A4C8937007E0568 /* SearchView.swift */,
			);
			path = Views;
			sourceTree = "<group>";
		};
		AC0BD9812A4CB6B1007E0568 /* Models */ = {
			isa = PBXGroup;
			children = (
				AC0BD9822A4CB6DD007E0568 /* DishModel.swift */,
			);
			path = Models;
			sourceTree = "<group>";
		};
		AC0BD9842A4CB956007E0568 /* Utility */ = {
			isa = PBXGroup;
			children = (
				AC0BD9852A4CB985007E0568 /* DishModelDataService.swift */,
			);
			path = Utility;
			sourceTree = "<group>";
		};
/* End PBXGroup section */

/* Begin PBXNativeTarget section */
		AC0BD95E2A4C80A8007E0568 /* FoodStoreApp */ = {
			isa = PBXNativeTarget;
			buildConfigurationList = AC0BD96D2A4C80AA007E0568 /* Build configuration list for PBXNativeTarget "FoodStoreApp" */;
			buildPhases = (
				AC0BD95B2A4C80A8007E0568 /* Sources */,
				AC0BD95C2A4C80A8007E0568 /* Frameworks */,
				AC0BD95D2A4C80A8007E0568 /* Resources */,
			);
			buildRules = (
			);
			dependencies = (
			);
			name = FoodStoreApp;
			productName = FoodStoreApp;
			productReference = AC0BD95F2A4C80A8007E0568 /* FoodStoreApp.app */;
			productType = "com.apple.product-type.application";
		};
/* End PBXNativeTarget section */

/* Begin PBXProject section */
		AC0BD9572A4C80A8007E0568 /* Project object */ = {
			isa = PBXProject;
			attributes = {
				BuildIndependentTargetsInParallel = 1;
				LastSwiftUpdateCheck = 1420;
				LastUpgradeCheck = 1420;
				TargetAttributes = {
					AC0BD95E2A4C80A8007E0568 = {
						CreatedOnToolsVersion = 14.2;
					};
				};
			};
			buildConfigurationList = AC0BD95A2A4C80A8007E0568 /* Build configuration list for PBXProject "FoodStoreApp" */;
			compatibilityVersion = "Xcode 14.0";
			developmentRegion = en;
			hasScannedForEncodings = 0;
			knownRegions = (
				en,
				Base,
			);
			mainGroup = AC0BD9562A4C80A8007E0568;
			productRefGroup = AC0BD9602A4C80A8007E0568 /* Products */;
			projectDirPath = "";
			projectRoot = "";
			targets = (
				AC0BD95E2A4C80A8007E0568 /* FoodStoreApp */,
			);
		};
/* End PBXProject section */

/* Begin PBXResourcesBuildPhase section */
		AC0BD95D2A4C80A8007E0568 /* Resources */ = {
			isa = PBXResourcesBuildPhase;
			buildActionMask = 2147483647;
			files = (
				AC0BD96A2A4C80AA007E0568 /* Preview Assets.xcassets in Resources */,
				AC0BD9672A4C80AA007E0568 /* Assets.xcassets in Resources */,
			);
			runOnlyForDeploymentPostprocessing = 0;
		};
/* End PBXResourcesBuildPhase section */

/* Begin PBXSourcesBuildPhase section */
		AC0BD95B2A4C80A8007E0568 /* Sources */ = {
			isa = PBXSourcesBuildPhase;
			buildActionMask = 2147483647;
			files = (
				AC0BD9652A4C80A8007E0568 /* ContentView.swift in Sources */,
				AC0BD9732A4C8131007E0568 /* MainScreenView.swift in Sources */,
				AC0BD9752A4C8782007E0568 /* ShoppingCartView.swift in Sources */,
				AC0BD97C2A4C8937007E0568 /* SearchView.swift in Sources */,
				AC0BD97E2A4C89C4007E0568 /* AccountView.swift in Sources */,
				AC0BD9882A4CF01A007E0568 /* MenuSectionsView.swift in Sources */,
				AC0BD9862A4CB985007E0568 /* DishModelDataService.swift in Sources */,
				AC0BD97A2A4C889B007E0568 /* HomeView.swift in Sources */,
				AC0BD9782A4C8808007E0568 /* DishesView.swift in Sources */,
				AC0BD9832A4CB6DD007E0568 /* DishModel.swift in Sources */,
				AC0BD9632A4C80A8007E0568 /* FoodStoreAppApp.swift in Sources */,
				AC0BD9802A4C8F11007E0568 /* NavigationBarView.swift in Sources */,
			);
			runOnlyForDeploymentPostprocessing = 0;
		};
/* End PBXSourcesBuildPhase section */

/* Begin XCBuildConfiguration section */
		AC0BD96B2A4C80AA007E0568 /* Debug */ = {
			isa = XCBuildConfiguration;
			buildSettings = {
				ALWAYS_SEARCH_USER_PATHS = NO;
				CLANG_ANALYZER_NONNULL = YES;
				CLANG_ANALYZER_NUMBER_OBJECT_CONVERSION = YES_AGGRESSIVE;
				CLANG_CXX_LANGUAGE_STANDARD = "gnu++20";
				CLANG_ENABLE_MODULES = YES;
				CLANG_ENABLE_OBJC_ARC = YES;
				CLANG_ENABLE_OBJC_WEAK = YES;
				CLANG_WARN_BLOCK_CAPTURE_AUTORELEASING = YES;
				CLANG_WARN_BOOL_CONVERSION = YES;
				CLANG_WARN_COMMA = YES;
				CLANG_WARN_CONSTANT_CONVERSION = YES;
				CLANG_WARN_DEPRECATED_OBJC_IMPLEMENTATIONS = YES;
				CLANG_WARN_DIRECT_OBJC_ISA_USAGE = YES_ERROR;
				CLANG_WARN_DOCUMENTATION_COMMENTS = YES;
				CLANG_WARN_EMPTY_BODY = YES;
				CLANG_WARN_ENUM_CONVERSION = YES;
				CLANG_WARN_INFINITE_RECURSION = YES;
				CLANG_WARN_INT_CONVERSION = YES;
				CLANG_WARN_NON_LITERAL_NULL_CONVERSION = YES;
				CLANG_WARN_OBJC_IMPLICIT_RETAIN_SELF = YES;
				CLANG_WARN_OBJC_LITERAL_CONVERSION = YES;
				CLANG_WARN_OBJC_ROOT_CLASS = YES_ERROR;
				CLANG_WARN_QUOTED_INCLUDE_IN_FRAMEWORK_HEADER = YES;
				CLANG_WARN_RANGE_LOOP_ANALYSIS = YES;
				CLANG_WARN_STRICT_PROTOTYPES = YES;
				CLANG_WARN_SUSPICIOUS_MOVE = YES;
				CLANG_WARN_UNGUARDED_AVAILABILITY = YES_AGGRESSIVE;
				CLANG_WARN_UNREACHABLE_CODE = YES;
				CLANG_WARN__DUPLICATE_METHOD_MATCH = YES;
				COPY_PHASE_STRIP = NO;
				DEBUG_INFORMATION_FORMAT = dwarf;
				ENABLE_STRICT_OBJC_MSGSEND = YES;
				ENABLE_TESTABILITY = YES;
				GCC_C_LANGUAGE_STANDARD = gnu11;
				GCC_DYNAMIC_NO_PIC = NO;
				GCC_NO_COMMON_BLOCKS = YES;
				GCC_OPTIMIZATION_LEVEL = 0;
				GCC_PREPROCESSOR_DEFINITIONS = (
					"DEBUG=1",
					"$(inherited)",
				);
				GCC_WARN_64_TO_32_BIT_CONVERSION = YES;
				GCC_WARN_ABOUT_RETURN_TYPE = YES_ERROR;
				GCC_WARN_UNDECLARED_SELECTOR = YES;
				GCC_WARN_UNINITIALIZED_AUTOS = YES_AGGRESSIVE;
				GCC_WARN_UNUSED_FUNCTION = YES;
				GCC_WARN_UNUSED_VARIABLE = YES;
				IPHONEOS_DEPLOYMENT_TARGET = 16.2;
				MTL_ENABLE_DEBUG_INFO = INCLUDE_SOURCE;
				MTL_FAST_MATH = YES;
				ONLY_ACTIVE_ARCH = YES;
				SDKROOT = iphoneos;
				SWIFT_ACTIVE_COMPILATION_CONDITIONS = DEBUG;
				SWIFT_OPTIMIZATION_LEVEL = "-Onone";
			};
			name = Debug;
		};
		AC0BD96C2A4C80AA007E0568 /* Release */ = {
			isa = XCBuildConfiguration;
			buildSettings = {
				ALWAYS_SEARCH_USER_PATHS = NO;
				CLANG_ANALYZER_NONNULL = YES;
				CLANG_ANALYZER_NUMBER_OBJECT_CONVERSION = YES_AGGRESSIVE;
				CLANG_CXX_LANGUAGE_STANDARD = "gnu++20";
				CLANG_ENABLE_MODULES = YES;
				CLANG_ENABLE_OBJC_ARC = YES;
				CLANG_ENABLE_OBJC_WEAK = YES;
				CLANG_WARN_BLOCK_CAPTURE_AUTORELEASING = YES;
				CLANG_WARN_BOOL_CONVERSION = YES;
				CLANG_WARN_COMMA = YES;
				CLANG_WARN_CONSTANT_CONVERSION = YES;
				CLANG_WARN_DEPRECATED_OBJC_IMPLEMENTATIONS = YES;
				CLANG_WARN_DIRECT_OBJC_ISA_USAGE = YES_ERROR;
				CLANG_WARN_DOCUMENTATION_COMMENTS = YES;
				CLANG_WARN_EMPTY_BODY = YES;
				CLANG_WARN_ENUM_CONVERSION = YES;
				CLANG_WARN_INFINITE_RECURSION = YES;
				CLANG_WARN_INT_CONVERSION = YES;
				CLANG_WARN_NON_LITERAL_NULL_CONVERSION = YES;
				CLANG_WARN_OBJC_IMPLICIT_RETAIN_SELF = YES;
				CLANG_WARN_OBJC_LITERAL_CONVERSION = YES;
				CLANG_WARN_OBJC_ROOT_CLASS = YES_ERROR;
				CLANG_WARN_QUOTED_INCLUDE_IN_FRAMEWORK_HEADER = YES;
				CLANG_WARN_RANGE_LOOP_ANALYSIS = YES;
				CLANG_WARN_STRICT_PROTOTYPES = YES;
				CLANG_WARN_SUSPICIOUS_MOVE = YES;
				CLANG_WARN_UNGUARDED_AVAILABILITY = YES_AGGRESSIVE;
				CLANG_WARN_UNREACHABLE_CODE = YES;
				CLANG_WARN__DUPLICATE_METHOD_MATCH = YES;
				COPY_PHASE_STRIP = NO;
				DEBUG_INFORMATION_FORMAT = "dwarf-with-dsym";
				ENABLE_NS_ASSERTIONS = NO;
				ENABLE_STRICT_OBJC_MSGSEND = YES;
				GCC_C_LANGUAGE_STANDARD = gnu11;
				GCC_NO_COMMON_BLOCKS = YES;
				GCC_WARN_64_TO_32_BIT_CONVERSION = YES;
				GCC_WARN_ABOUT_RETURN_TYPE = YES_ERROR;
				GCC_WARN_UNDECLARED_SELECTOR = YES;
				GCC_WARN_UNINITIALIZED_AUTOS = YES_AGGRESSIVE;
				GCC_WARN_UNUSED_FUNCTION = YES;
				GCC_WARN_UNUSED_VARIABLE = YES;
				IPHONEOS_DEPLOYMENT_TARGET = 16.2;
				MTL_ENABLE_DEBUG_INFO = NO;
				MTL_FAST_MATH = YES;
				SDKROOT = iphoneos;
				SWIFT_COMPILATION_MODE = wholemodule;
				SWIFT_OPTIMIZATION_LEVEL = "-O";
				VALIDATE_PRODUCT = YES;
			};
			name = Release;
		};
		AC0BD96E2A4C80AA007E0568 /* Debug */ = {
			isa = XCBuildConfiguration;
			buildSettings = {
				ASSETCATALOG_COMPILER_APPICON_NAME = AppIcon;
				ASSETCATALOG_COMPILER_GLOBAL_ACCENT_COLOR_NAME = AccentColor;
				CODE_SIGN_STYLE = Automatic;
				CURRENT_PROJECT_VERSION = 1;
				DEVELOPMENT_ASSET_PATHS = "\"FoodStoreApp/Preview Content\"";
				DEVELOPMENT_TEAM = 482344W3R3;
				ENABLE_PREVIEWS = YES;
				GENERATE_INFOPLIST_FILE = YES;
				INFOPLIST_KEY_UIApplicationSceneManifest_Generation = YES;
				INFOPLIST_KEY_UIApplicationSupportsIndirectInputEvents = YES;
				INFOPLIST_KEY_UILaunchScreen_Generation = YES;
				INFOPLIST_KEY_UISupportedInterfaceOrientations_iPad = "UIInterfaceOrientationPortrait UIInterfaceOrientationPortraitUpsideDown UIInterfaceOrientationLandscapeLeft UIInterfaceOrientationLandscapeRight";
				INFOPLIST_KEY_UISupportedInterfaceOrientations_iPhone = "UIInterfaceOrientationPortrait UIInterfaceOrientationLandscapeLeft UIInterfaceOrientationLandscapeRight";
				LD_RUNPATH_SEARCH_PATHS = (
					"$(inherited)",
					"@executable_path/Frameworks",
				);
				MARKETING_VERSION = 1.0;
				PRODUCT_BUNDLE_IDENTIFIER = Artemaj.FoodStoreApp;
				PRODUCT_NAME = "$(TARGET_NAME)";
				SWIFT_EMIT_LOC_STRINGS = YES;
				SWIFT_VERSION = 5.0;
				TARGETED_DEVICE_FAMILY = "1,2";
			};
			name = Debug;
		};
		AC0BD96F2A4C80AA007E0568 /* Release */ = {
			isa = XCBuildConfiguration;
			buildSettings = {
				ASSETCATALOG_COMPILER_APPICON_NAME = AppIcon;
				ASSETCATALOG_COMPILER_GLOBAL_ACCENT_COLOR_NAME = AccentColor;
				CODE_SIGN_STYLE = Automatic;
				CURRENT_PROJECT_VERSION = 1;
				DEVELOPMENT_ASSET_PATHS = "\"FoodStoreApp/Preview Content\"";
				DEVELOPMENT_TEAM = 482344W3R3;
				ENABLE_PREVIEWS = YES;
				GENERATE_INFOPLIST_FILE = YES;
				INFOPLIST_KEY_UIApplicationSceneManifest_Generation = YES;
				INFOPLIST_KEY_UIApplicationSupportsIndirectInputEvents = YES;
				INFOPLIST_KEY_UILaunchScreen_Generation = YES;
				INFOPLIST_KEY_UISupportedInterfaceOrientations_iPad = "UIInterfaceOrientationPortrait UIInterfaceOrientationPortraitUpsideDown UIInterfaceOrientationLandscapeLeft UIInterfaceOrientationLandscapeRight";
				INFOPLIST_KEY_UISupportedInterfaceOrientations_iPhone = "UIInterfaceOrientationPortrait UIInterfaceOrientationLandscapeLeft UIInterfaceOrientationLandscapeRight";
				LD_RUNPATH_SEARCH_PATHS = (
					"$(inherited)",
					"@executable_path/Frameworks",
				);
				MARKETING_VERSION = 1.0;
				PRODUCT_BUNDLE_IDENTIFIER = Artemaj.FoodStoreApp;
				PRODUCT_NAME = "$(TARGET_NAME)";
				SWIFT_EMIT_LOC_STRINGS = YES;
				SWIFT_VERSION = 5.0;
				TARGETED_DEVICE_FAMILY = "1,2";
			};
			name = Release;
		};
/* End XCBuildConfiguration section */

/* Begin XCConfigurationList section */
		AC0BD95A2A4C80A8007E0568 /* Build configuration list for PBXProject "FoodStoreApp" */ = {
			isa = XCConfigurationList;
			buildConfigurations = (
				AC0BD96B2A4C80AA007E0568 /* Debug */,
				AC0BD96C2A4C80AA007E0568 /* Release */,
			);
			defaultConfigurationIsVisible = 0;
			defaultConfigurationName = Release;
		};
		AC0BD96D2A4C80AA007E0568 /* Build configuration list for PBXNativeTarget "FoodStoreApp" */ = {
			isa = XCConfigurationList;
			buildConfigurations = (
				AC0BD96E2A4C80AA007E0568 /* Debug */,
				AC0BD96F2A4C80AA007E0568 /* Release */,
			);
			defaultConfigurationIsVisible = 0;
			defaultConfigurationName = Release;
		};
/* End XCConfigurationList section */
	};
	rootObject = AC0BD9572A4C80A8007E0568 /* Project object */;
}
